
Microsoft Visual Studio Solution File, Format Version 12.00
# Visual Studio Version 16
VisualStudioVersion = 16.0.30517.126
MinimumVisualStudioVersion = 10.0.40219.1
Project("{FAE04EC0-301F-11D3-BF4B-00C04F79EFBC}") = "SimpleCalculator", "SimpleCalculator\SimpleCalculator.csproj", "{2B42B199-1B6D-41C1-B6D6-970ABF1D3536}"
EndProject
Global
	GlobalSection(SolutionConfigurationPlatforms) = preSolution
		Debug|Any CPU = Debug|Any CPU
		Release|Any CPU = Release|Any CPU
	EndGlobalSection
	GlobalSection(ProjectConfigurationPlatforms) = postSolution
		{2B42B199-1B6D-41C1-B6D6-970ABF1D3536}.Debug|Any CPU.ActiveCfg = Debug|Any CPU
		{2B42B199-1B6D-41C1-B6D6-970ABF1D3536}.Debug|Any CPU.Build.0 = Debug|Any CPU
		{2B42B199-1B6D-41C1-B6D6-970ABF1D3536}.Release|Any CPU.ActiveCfg = Release|Any CPU
		{2B42B199-1B6D-41C1-B6D6-970ABF1D3536}.Release|Any CPU.Build.0 = Release|Any CPU
	EndGlobalSection
	GlobalSection(SolutionProperties) = preSolution
		HideSolutionNode = FALSE
	EndGlobalSection
	GlobalSection(ExtensibilityGlobals) = postSolution
		SolutionGuid = {AAAE945C-E3A3-4C9D-A2A8-C94631B9E287}
	EndGlobalSection
EndGlobal
